
Microsoft Visual Studio Solution File, Format Version 12.00
# Visual Studio 14
VisualStudioVersion = 14.0.25123.0
MinimumVisualStudioVersion = 10.0.40219.1
Project("{8BC9CEB8-8B4A-11D0-8D11-00A0C91BC942}") = "merge_linkedlist", "merge_linkedlist\merge_linkedlist.vcxproj", "{D6D5AF2D-D718-4124-BE0C-8FE094253F28}"
EndProject
Project("{8BC9CEB8-8B4A-11D0-8D11-00A0C91BC942}") = "merge_linked_list_iter", "merge_linked_list_iter\merge_linked_list_iter.vcxproj", "{8DA99ADB-839B-45F0-8764-98BB99ACE5B3}"
EndProject
Global
	GlobalSection(SolutionConfigurationPlatforms) = preSolution
		Debug|x64 = Debug|x64
		Debug|x86 = Debug|x86
		Release|x64 = Release|x64
		Release|x86 = Release|x86
	EndGlobalSection
	GlobalSection(ProjectConfigurationPlatforms) = postSolution
		{D6D5AF2D-D718-4124-BE0C-8FE094253F28}.Debug|x64.ActiveCfg = Debug|x64
		{D6D5AF2D-D718-4124-BE0C-8FE094253F28}.Debug|x64.Build.0 = Debug|x64
		{D6D5AF2D-D718-4124-BE0C-8FE094253F28}.Debug|x86.ActiveCfg = Debug|Win32
		{D6D5AF2D-D718-4124-BE0C-8FE094253F28}.Debug|x86.Build.0 = Debug|Win32
		{D6D5AF2D-D718-4124-BE0C-8FE094253F28}.Release|x64.ActiveCfg = Release|x64
		{D6D5AF2D-D718-4124-BE0C-8FE094253F28}.Release|x64.Build.0 = Release|x64
		{D6D5AF2D-D718-4124-BE0C-8FE094253F28}.Release|x86.ActiveCfg = Release|Win32
		{D6D5AF2D-D718-4124-BE0C-8FE094253F28}.Release|x86.Build.0 = Release|Win32
		{8DA99ADB-839B-45F0-8764-98BB99ACE5B3}.Debug|x64.ActiveCfg = Debug|x64
		{8DA99ADB-839B-45F0-8764-98BB99ACE5B3}.Debug|x64.Build.0 = Debug|x64
		{8DA99ADB-839B-45F0-8764-98BB99ACE5B3}.Debug|x86.ActiveCfg = Debug|Win32
		{8DA99ADB-839B-45F0-8764-98BB99ACE5B3}.Debug|x86.Build.0 = Debug|Win32
		{8DA99ADB-839B-45F0-8764-98BB99ACE5B3}.Release|x64.ActiveCfg = Release|x64
		{8DA99ADB-839B-45F0-8764-98BB99ACE5B3}.Release|x64.Build.0 = Release|x64
		{8DA99ADB-839B-45F0-8764-98BB99ACE5B3}.Release|x86.ActiveCfg = Release|Win32
		{8DA99ADB-839B-45F0-8764-98BB99ACE5B3}.Release|x86.Build.0 = Release|Win32
	EndGlobalSection
	GlobalSection(SolutionProperties) = preSolution
		HideSolutionNode = FALSE
	EndGlobalSection
EndGlobal
